<Solution>
  <Project Path="SampleSolution.Core/SampleSolution.Core.csproj" />
  <Project Path="SampleSolution.Services/SampleSolution.Services.csproj" />
  <Project Path="SampleSolution.Web/SampleSolution.Web.csproj" />
  <Project Path="SampleSolution.Camp/SampleSolution.Camp.csproj" />
  <Project Path="SampleSolution.Camp.Contracts/SampleSolution.Camp.Contracts.csproj" />
  <Project Path="SampleSolution.Lodge/SampleSolution.Lodge.csproj" />
  <Project Path="SampleSolution.Dorm/SampleSolution.Dorm.csproj" />
  <Project Path="SampleSolution.Tent/SampleSolution.Tent.csproj" />
  <Project Path="SampleSolution.Reporting/SampleSolution.Reporting.csproj" />
  <Project Path="SampleSolution.Gate/SampleSolution.Gate.csproj" />
  <Project Path="SampleSolution.Camp.Tests/SampleSolution.Camp.Tests.csproj" />
  <Project Path="SampleSolution.Lodge.IntegrationTests/SampleSolution.Lodge.IntegrationTests.csproj" />
  <Project Path="SampleSolution.Bridge.Tests/SampleSolution.Bridge.Tests.csproj" />
  <Project Path="SampleSolution.Campus.Tests/SampleSolution.Campus.Tests.csproj" />
</Solution>
